[root]
name = "idunn-dht"
version = "0.0.1"
dependencies = [
 "mio 0.0.1 (git+https://github.com/carllerche/mio)",
]

[[package]]
name = "bitflags"
version = "0.1.0"
source = "registry+https://github.com/rust-lang/crates.io-index"

[[package]]
name = "gcc"
version = "0.1.7"
source = "registry+https://github.com/rust-lang/crates.io-index"

[[package]]
name = "libc"
version = "0.1.0"
source = "registry+https://github.com/rust-lang/crates.io-index"

[[package]]
name = "log"
version = "0.2.1"
source = "registry+https://github.com/rust-lang/crates.io-index"

[[package]]
name = "mio"
version = "0.0.1"
source = "git+https://github.com/carllerche/mio#977ec309fb5accbb069351301067840648c6ab9e"
dependencies = [
 "bitflags 0.1.0 (registry+https://github.com/rust-lang/crates.io-index)",
 "log 0.2.1 (registry+https://github.com/rust-lang/crates.io-index)",
 "nix 0.1.2 (git+https://github.com/carllerche/nix-rust)",
 "time 0.1.15 (registry+https://github.com/rust-lang/crates.io-index)",
]

[[package]]
name = "nix"
version = "0.1.2"
source = "git+https://github.com/carllerche/nix-rust#3743a257c69ee45656cbfbbf0d0e853145dbf55f"
dependencies = [
 "bitflags 0.1.0 (registry+https://github.com/rust-lang/crates.io-index)",
]

[[package]]
name = "time"
version = "0.1.15"
source = "registry+https://github.com/rust-lang/crates.io-index"
dependencies = [
 "gcc 0.1.7 (registry+https://github.com/rust-lang/crates.io-index)",
 "libc 0.1.0 (registry+https://github.com/rust-lang/crates.io-index)",
]

